
Microsoft Visual Studio Solution File, Format Version 12.00
# Visual Studio Version 17
VisualStudioVersion = 17.11.35303.130
MinimumVisualStudioVersion = 10.0.40219.1
Project("{2150E333-8FDC-42A3-9474-1A3956D46DE8}") = "Task0", "Task0", "{4256AE5E-47F5-4260-A5B6-784FC1896A10}"
EndProject
Project("{FAE04EC0-301F-11D3-BF4B-00C04F79EFBC}") = "Tyuiu.NovikovAA.Sprint4.Task0.V13", "Tyuiu.NovikovAA.Sprint4.Task0.V13\Tyuiu.NovikovAA.Sprint4.Task0.V13.csproj", "{407FF543-D499-42AD-90FD-C2926E03B85E}"
EndProject
Project("{FAE04EC0-301F-11D3-BF4B-00C04F79EFBC}") = "Tyuiu.NovikovAA.Sprint4.Task0.V13.Lib", "Tyuiu.NovikovAA.Sprint4.Task0.V13.Lib\Tyuiu.NovikovAA.Sprint4.Task0.V13.Lib.csproj", "{2DE12EF7-4304-4684-A6FC-6EF5DC5F6684}"
EndProject
Project("{FAE04EC0-301F-11D3-BF4B-00C04F79EFBC}") = "Tyuiu.NovikovAA.Sprint4.Task0.V13.Test", "Tyuiu.NovikovAA.Sprint4.Task0.V13.Test\Tyuiu.NovikovAA.Sprint4.Task0.V13.Test.csproj", "{480B2E3A-2287-4CC5-B264-B209B2DF76B0}"
EndProject
Project("{2150E333-8FDC-42A3-9474-1A3956D46DE8}") = "Task1", "Task1", "{22E38763-6EA4-4909-8ADB-D693A1AF12AF}"
EndProject
Project("{FAE04EC0-301F-11D3-BF4B-00C04F79EFBC}") = "Tyuiu.NovikovAA.Sprint4.Task1.V5", "Tyuiu.NovikovAA.Sprint4.Task1.V5\Tyuiu.NovikovAA.Sprint4.Task1.V5.csproj", "{96275F1D-5F04-4706-A7C4-84337BF98AC5}"
EndProject
Project("{FAE04EC0-301F-11D3-BF4B-00C04F79EFBC}") = "Tyuiu.NovikovAA.Sprint4.Task1.V5.Lib", "Tyuiu.NovikovAA.Sprint4.Task1.V5.Lib\Tyuiu.NovikovAA.Sprint4.Task1.V5.Lib.csproj", "{EFEDAC85-CB1F-4CD9-A5F7-49722E41920F}"
EndProject
Project("{FAE04EC0-301F-11D3-BF4B-00C04F79EFBC}") = "Tyuiu.NovikovAA.Sprint4.Task1.V5.Test", "Tyuiu.NovikovAA.Sprint4.Task1.V5.Test\Tyuiu.NovikovAA.Sprint4.Task1.V5.Test.csproj", "{F888A4E9-A096-4EC8-9A80-8BE58B1D8786}"
EndProject
Project("{2150E333-8FDC-42A3-9474-1A3956D46DE8}") = "Task2", "Task2", "{55D19ACC-977C-47ED-B8B8-98BCA2D68BD7}"
EndProject
Project("{FAE04EC0-301F-11D3-BF4B-00C04F79EFBC}") = "Tyuiu.NovikovAA.Sprint4.Task2.V8", "Tyuiu.NovikovAA.Sprint4.Task2.V8\Tyuiu.NovikovAA.Sprint4.Task2.V8.csproj", "{58540ADD-253D-4906-97F7-2EE2DB7ACAF7}"
EndProject
Project("{FAE04EC0-301F-11D3-BF4B-00C04F79EFBC}") = "Tyuiu.NovikovAA.Sprint4.Task2.V8.Lib", "Tyuiu.NovikovAA.Sprint4.Task2.V8.Lib\Tyuiu.NovikovAA.Sprint4.Task2.V8.Lib.csproj", "{1AD224C7-5F2C-40AC-9F14-56A218C3B165}"
EndProject
Project("{FAE04EC0-301F-11D3-BF4B-00C04F79EFBC}") = "Tyuiu.NovikovAA.Sprint4.Task2.V8.Test", "Tyuiu.NovikovAA.Sprint4.Task2.V8.Test\Tyuiu.NovikovAA.Sprint4.Task2.V8.Test.csproj", "{AF6D2242-EB26-4CE8-AFBF-08AEE92B0877}"
EndProject
Project("{2150E333-8FDC-42A3-9474-1A3956D46DE8}") = "Task3", "Task3", "{7A295C4F-2B2B-45FC-B2E2-BA6BE413B99B}"
EndProject
Project("{FAE04EC0-301F-11D3-BF4B-00C04F79EFBC}") = "Tyuiu.NovikovAA.Sprint4.Task3.V7", "Tyuiu.NovikovAA.Sprint4.Task3.V7\Tyuiu.NovikovAA.Sprint4.Task3.V7.csproj", "{3F70A551-9D22-4248-9A2C-71C5E0D982C2}"
EndProject
Project("{FAE04EC0-301F-11D3-BF4B-00C04F79EFBC}") = "Tyuiu.NovikovAA.Sprint4.Task3.V7.Lib", "Tyuiu.NovikovAA.Sprint4.Task3.V7.Lib\Tyuiu.NovikovAA.Sprint4.Task3.V7.Lib.csproj", "{593463B8-B89C-4A96-9548-0A0296D8F1D9}"
EndProject
Project("{FAE04EC0-301F-11D3-BF4B-00C04F79EFBC}") = "Tyuiu.NovikovAA.Sprint4.Task3.V7.Test", "Tyuiu.NovikovAA.Sprint4.Task3.V7.Test\Tyuiu.NovikovAA.Sprint4.Task3.V7.Test.csproj", "{DF27F0FE-8777-438F-9A2B-8DBD31793DCF}"
EndProject
Project("{2150E333-8FDC-42A3-9474-1A3956D46DE8}") = "Task4", "Task4", "{7801A043-E795-48ED-A62F-E9526E816C6A}"
EndProject
Project("{FAE04EC0-301F-11D3-BF4B-00C04F79EFBC}") = "Tyuiu.NovikovAA.Sprint4.Task4.V27", "Tyuiu.NovikovAA.Sprint4.Task4.V27\Tyuiu.NovikovAA.Sprint4.Task4.V27.csproj", "{56F98F7B-9BF3-447B-B0BC-B5E83D40C4C9}"
EndProject
Project("{FAE04EC0-301F-11D3-BF4B-00C04F79EFBC}") = "Tyuiu.NovikovAA.Sprint4.Task4.V27.Lib", "Tyuiu.NovikovAA.Sprint4.Task4.V27.Lib\Tyuiu.NovikovAA.Sprint4.Task4.V27.Lib.csproj", "{34E81693-8335-4712-ADD0-98CEC9478ECA}"
EndProject
Project("{FAE04EC0-301F-11D3-BF4B-00C04F79EFBC}") = "Tyuiu.NovikovAA.Sprint4.Task4.V27.Test", "Tyuiu.NovikovAA.Sprint4.Task4.V27.Test\Tyuiu.NovikovAA.Sprint4.Task4.V27.Test.csproj", "{6C532604-90A9-4F65-83B4-89CCB8AD1B26}"
EndProject
Project("{2150E333-8FDC-42A3-9474-1A3956D46DE8}") = "Task5", "Task5", "{EB4EFBBF-12E2-4923-8600-B78CE6431422}"
EndProject
Project("{FAE04EC0-301F-11D3-BF4B-00C04F79EFBC}") = "Tyuiu.NovikovAA.Sprint4.Task5.V11", "Tyuiu.NovikovAA.Sprint4.Task5.V11\Tyuiu.NovikovAA.Sprint4.Task5.V11.csproj", "{2A606CD2-DD9C-4EAC-BB3E-7121FBDC523F}"
EndProject
Project("{FAE04EC0-301F-11D3-BF4B-00C04F79EFBC}") = "Tyuiu.NovikovAA.Sprint4.Task5.V11.Lib", "Tyuiu.NovikovAA.Sprint4.Task5.V11.Lib\Tyuiu.NovikovAA.Sprint4.Task5.V11.Lib.csproj", "{5FC42EF2-8E05-43EA-968B-90C171268AC2}"
EndProject
Project("{FAE04EC0-301F-11D3-BF4B-00C04F79EFBC}") = "Tyuiu.NovikovAA.Sprint4.Task5.V11.Test", "Tyuiu.NovikovAA.Sprint4.Task5.V11.Test\Tyuiu.NovikovAA.Sprint4.Task5.V11.Test.csproj", "{BA6A6322-C1AE-4C85-95E6-AA39700C4CCB}"
EndProject
Global
	GlobalSection(SolutionConfigurationPlatforms) = preSolution
		Debug|Any CPU = Debug|Any CPU
		Release|Any CPU = Release|Any CPU
	EndGlobalSection
	GlobalSection(ProjectConfigurationPlatforms) = postSolution
		{407FF543-D499-42AD-90FD-C2926E03B85E}.Debug|Any CPU.ActiveCfg = Debug|Any CPU
		{407FF543-D499-42AD-90FD-C2926E03B85E}.Debug|Any CPU.Build.0 = Debug|Any CPU
		{407FF543-D499-42AD-90FD-C2926E03B85E}.Release|Any CPU.ActiveCfg = Release|Any CPU
		{407FF543-D499-42AD-90FD-C2926E03B85E}.Release|Any CPU.Build.0 = Release|Any CPU
		{2DE12EF7-4304-4684-A6FC-6EF5DC5F6684}.Debug|Any CPU.ActiveCfg = Debug|Any CPU
		{2DE12EF7-4304-4684-A6FC-6EF5DC5F6684}.Debug|Any CPU.Build.0 = Debug|Any CPU
		{2DE12EF7-4304-4684-A6FC-6EF5DC5F6684}.Release|Any CPU.ActiveCfg = Release|Any CPU
		{2DE12EF7-4304-4684-A6FC-6EF5DC5F6684}.Release|Any CPU.Build.0 = Release|Any CPU
		{480B2E3A-2287-4CC5-B264-B209B2DF76B0}.Debug|Any CPU.ActiveCfg = Debug|Any CPU
		{480B2E3A-2287-4CC5-B264-B209B2DF76B0}.Debug|Any CPU.Build.0 = Debug|Any CPU
		{480B2E3A-2287-4CC5-B264-B209B2DF76B0}.Release|Any CPU.ActiveCfg = Release|Any CPU
		{480B2E3A-2287-4CC5-B264-B209B2DF76B0}.Release|Any CPU.Build.0 = Release|Any CPU
		{96275F1D-5F04-4706-A7C4-84337BF98AC5}.Debug|Any CPU.ActiveCfg = Debug|Any CPU
		{96275F1D-5F04-4706-A7C4-84337BF98AC5}.Debug|Any CPU.Build.0 = Debug|Any CPU
		{96275F1D-5F04-4706-A7C4-84337BF98AC5}.Release|Any CPU.ActiveCfg = Release|Any CPU
		{96275F1D-5F04-4706-A7C4-84337BF98AC5}.Release|Any CPU.Build.0 = Release|Any CPU
		{EFEDAC85-CB1F-4CD9-A5F7-49722E41920F}.Debug|Any CPU.ActiveCfg = Debug|Any CPU
		{EFEDAC85-CB1F-4CD9-A5F7-49722E41920F}.Debug|Any CPU.Build.0 = Debug|Any CPU
		{EFEDAC85-CB1F-4CD9-A5F7-49722E41920F}.Release|Any CPU.ActiveCfg = Release|Any CPU
		{EFEDAC85-CB1F-4CD9-A5F7-49722E41920F}.Release|Any CPU.Build.0 = Release|Any CPU
		{F888A4E9-A096-4EC8-9A80-8BE58B1D8786}.Debug|Any CPU.ActiveCfg = Debug|Any CPU
		{F888A4E9-A096-4EC8-9A80-8BE58B1D8786}.Debug|Any CPU.Build.0 = Debug|Any CPU
		{F888A4E9-A096-4EC8-9A80-8BE58B1D8786}.Release|Any CPU.ActiveCfg = Release|Any CPU
		{F888A4E9-A096-4EC8-9A80-8BE58B1D8786}.Release|Any CPU.Build.0 = Release|Any CPU
		{58540ADD-253D-4906-97F7-2EE2DB7ACAF7}.Debug|Any CPU.ActiveCfg = Debug|Any CPU
		{58540ADD-253D-4906-97F7-2EE2DB7ACAF7}.Debug|Any CPU.Build.0 = Debug|Any CPU
		{58540ADD-253D-4906-97F7-2EE2DB7ACAF7}.Release|Any CPU.ActiveCfg = Release|Any CPU
		{58540ADD-253D-4906-97F7-2EE2DB7ACAF7}.Release|Any CPU.Build.0 = Release|Any CPU
		{1AD224C7-5F2C-40AC-9F14-56A218C3B165}.Debug|Any CPU.ActiveCfg = Debug|Any CPU
		{1AD224C7-5F2C-40AC-9F14-56A218C3B165}.Debug|Any CPU.Build.0 = Debug|Any CPU
		{1AD224C7-5F2C-40AC-9F14-56A218C3B165}.Release|Any CPU.ActiveCfg = Release|Any CPU
		{1AD224C7-5F2C-40AC-9F14-56A218C3B165}.Release|Any CPU.Build.0 = Release|Any CPU
		{AF6D2242-EB26-4CE8-AFBF-08AEE92B0877}.Debug|Any CPU.ActiveCfg = Debug|Any CPU
		{AF6D2242-EB26-4CE8-AFBF-08AEE92B0877}.Debug|Any CPU.Build.0 = Debug|Any CPU
		{AF6D2242-EB26-4CE8-AFBF-08AEE92B0877}.Release|Any CPU.ActiveCfg = Release|Any CPU
		{AF6D2242-EB26-4CE8-AFBF-08AEE92B0877}.Release|Any CPU.Build.0 = Release|Any CPU
		{3F70A551-9D22-4248-9A2C-71C5E0D982C2}.Debug|Any CPU.ActiveCfg = Debug|Any CPU
		{3F70A551-9D22-4248-9A2C-71C5E0D982C2}.Debug|Any CPU.Build.0 = Debug|Any CPU
		{3F70A551-9D22-4248-9A2C-71C5E0D982C2}.Release|Any CPU.ActiveCfg = Release|Any CPU
		{3F70A551-9D22-4248-9A2C-71C5E0D982C2}.Release|Any CPU.Build.0 = Release|Any CPU
		{593463B8-B89C-4A96-9548-0A0296D8F1D9}.Debug|Any CPU.ActiveCfg = Debug|Any CPU
		{593463B8-B89C-4A96-9548-0A0296D8F1D9}.Debug|Any CPU.Build.0 = Debug|Any CPU
		{593463B8-B89C-4A96-9548-0A0296D8F1D9}.Release|Any CPU.ActiveCfg = Release|Any CPU
		{593463B8-B89C-4A96-9548-0A0296D8F1D9}.Release|Any CPU.Build.0 = Release|Any CPU
		{DF27F0FE-8777-438F-9A2B-8DBD31793DCF}.Debug|Any CPU.ActiveCfg = Debug|Any CPU
		{DF27F0FE-8777-438F-9A2B-8DBD31793DCF}.Debug|Any CPU.Build.0 = Debug|Any CPU
		{DF27F0FE-8777-438F-9A2B-8DBD31793DCF}.Release|Any CPU.ActiveCfg = Release|Any CPU
		{DF27F0FE-8777-438F-9A2B-8DBD31793DCF}.Release|Any CPU.Build.0 = Release|Any CPU
		{56F98F7B-9BF3-447B-B0BC-B5E83D40C4C9}.Debug|Any CPU.ActiveCfg = Debug|Any CPU
		{56F98F7B-9BF3-447B-B0BC-B5E83D40C4C9}.Debug|Any CPU.Build.0 = Debug|Any CPU
		{56F98F7B-9BF3-447B-B0BC-B5E83D40C4C9}.Release|Any CPU.ActiveCfg = Release|Any CPU
		{56F98F7B-9BF3-447B-B0BC-B5E83D40C4C9}.Release|Any CPU.Build.0 = Release|Any CPU
		{34E81693-8335-4712-ADD0-98CEC9478ECA}.Debug|Any CPU.ActiveCfg = Debug|Any CPU
		{34E81693-8335-4712-ADD0-98CEC9478ECA}.Debug|Any CPU.Build.0 = Debug|Any CPU
		{34E81693-8335-4712-ADD0-98CEC9478ECA}.Release|Any CPU.ActiveCfg = Release|Any CPU
		{34E81693-8335-4712-ADD0-98CEC9478ECA}.Release|Any CPU.Build.0 = Release|Any CPU
		{6C532604-90A9-4F65-83B4-89CCB8AD1B26}.Debug|Any CPU.ActiveCfg = Debug|Any CPU
		{6C532604-90A9-4F65-83B4-89CCB8AD1B26}.Debug|Any CPU.Build.0 = Debug|Any CPU
		{6C532604-90A9-4F65-83B4-89CCB8AD1B26}.Release|Any CPU.ActiveCfg = Release|Any CPU
		{6C532604-90A9-4F65-83B4-89CCB8AD1B26}.Release|Any CPU.Build.0 = Release|Any CPU
		{2A606CD2-DD9C-4EAC-BB3E-7121FBDC523F}.Debug|Any CPU.ActiveCfg = Debug|Any CPU
		{2A606CD2-DD9C-4EAC-BB3E-7121FBDC523F}.Debug|Any CPU.Build.0 = Debug|Any CPU
		{2A606CD2-DD9C-4EAC-BB3E-7121FBDC523F}.Release|Any CPU.ActiveCfg = Release|Any CPU
		{2A606CD2-DD9C-4EAC-BB3E-7121FBDC523F}.Release|Any CPU.Build.0 = Release|Any CPU
		{5FC42EF2-8E05-43EA-968B-90C171268AC2}.Debug|Any CPU.ActiveCfg = Debug|Any CPU
		{5FC42EF2-8E05-43EA-968B-90C171268AC2}.Debug|Any CPU.Build.0 = Debug|Any CPU
		{5FC42EF2-8E05-43EA-968B-90C171268AC2}.Release|Any CPU.ActiveCfg = Release|Any CPU
		{5FC42EF2-8E05-43EA-968B-90C171268AC2}.Release|Any CPU.Build.0 = Release|Any CPU
		{BA6A6322-C1AE-4C85-95E6-AA39700C4CCB}.Debug|Any CPU.ActiveCfg = Debug|Any CPU
		{BA6A6322-C1AE-4C85-95E6-AA39700C4CCB}.Debug|Any CPU.Build.0 = Debug|Any CPU
		{BA6A6322-C1AE-4C85-95E6-AA39700C4CCB}.Release|Any CPU.ActiveCfg = Release|Any CPU
		{BA6A6322-C1AE-4C85-95E6-AA39700C4CCB}.Release|Any CPU.Build.0 = Release|Any CPU
	EndGlobalSection
	GlobalSection(SolutionProperties) = preSolution
		HideSolutionNode = FALSE
	EndGlobalSection
	GlobalSection(NestedProjects) = preSolution
		{407FF543-D499-42AD-90FD-C2926E03B85E} = {4256AE5E-47F5-4260-A5B6-784FC1896A10}
		{2DE12EF7-4304-4684-A6FC-6EF5DC5F6684} = {4256AE5E-47F5-4260-A5B6-784FC1896A10}
		{480B2E3A-2287-4CC5-B264-B209B2DF76B0} = {4256AE5E-47F5-4260-A5B6-784FC1896A10}
		{96275F1D-5F04-4706-A7C4-84337BF98AC5} = {22E38763-6EA4-4909-8ADB-D693A1AF12AF}
		{EFEDAC85-CB1F-4CD9-A5F7-49722E41920F} = {22E38763-6EA4-4909-8ADB-D693A1AF12AF}
		{F888A4E9-A096-4EC8-9A80-8BE58B1D8786} = {22E38763-6EA4-4909-8ADB-D693A1AF12AF}
		{58540ADD-253D-4906-97F7-2EE2DB7ACAF7} = {55D19ACC-977C-47ED-B8B8-98BCA2D68BD7}
		{1AD224C7-5F2C-40AC-9F14-56A218C3B165} = {55D19ACC-977C-47ED-B8B8-98BCA2D68BD7}
		{AF6D2242-EB26-4CE8-AFBF-08AEE92B0877} = {55D19ACC-977C-47ED-B8B8-98BCA2D68BD7}
		{3F70A551-9D22-4248-9A2C-71C5E0D982C2} = {7A295C4F-2B2B-45FC-B2E2-BA6BE413B99B}
		{593463B8-B89C-4A96-9548-0A0296D8F1D9} = {7A295C4F-2B2B-45FC-B2E2-BA6BE413B99B}
		{DF27F0FE-8777-438F-9A2B-8DBD31793DCF} = {7A295C4F-2B2B-45FC-B2E2-BA6BE413B99B}
		{56F98F7B-9BF3-447B-B0BC-B5E83D40C4C9} = {7801A043-E795-48ED-A62F-E9526E816C6A}
		{34E81693-8335-4712-ADD0-98CEC9478ECA} = {7801A043-E795-48ED-A62F-E9526E816C6A}
		{6C532604-90A9-4F65-83B4-89CCB8AD1B26} = {7801A043-E795-48ED-A62F-E9526E816C6A}
		{2A606CD2-DD9C-4EAC-BB3E-7121FBDC523F} = {EB4EFBBF-12E2-4923-8600-B78CE6431422}
		{5FC42EF2-8E05-43EA-968B-90C171268AC2} = {EB4EFBBF-12E2-4923-8600-B78CE6431422}
		{BA6A6322-C1AE-4C85-95E6-AA39700C4CCB} = {EB4EFBBF-12E2-4923-8600-B78CE6431422}
	EndGlobalSection
	GlobalSection(ExtensibilityGlobals) = postSolution
		SolutionGuid = {8C63BB2E-CCA4-448B-BF7F-4AC6A47E9777}
	EndGlobalSection
EndGlobal
